{
  "originHash" : "e0781f512665b6e82b58f9105101eadb73fcd086ded449d1572fa5f22cc1c8ca",
  "pins" : [
    {
      "identity" : "truvideo-sdk-ios-video",
      "kind" : "remoteSourceControl",
      "location" : "https://github.com/Truvideo/truvideo-sdk-ios-video.git",
      "state" : {
        "revision" : "6336e67db08e69aa6a20ceb33e438c1afefa3458",
        "version" : "76.4.2"
      }
    }
  ],
  "version" : 3
}
